<?xml version="1.0" encoding="utf-8"?>
<Project ToolsVersion="4.0" xmlns="http://schemas.microsoft.com/developer/msbuild/2003">
  <ItemGroup>
    <Filter Include="win32">
      <UniqueIdentifier>{84a8ebd7-7cf0-47f6-b75e-d441df67da40}</UniqueIdentifier>
    </Filter>
    <Filter Include="resource">
      <UniqueIdentifier>{715254bc-d70b-4ec5-bf29-467dd3ace079}</UniqueIdentifier>
    </Filter>
    <Filter Include="src">
      <UniqueIdentifier>{bb6c862e-70e9-49d9-81b7-3829a6f50471}</UniqueIdentifier>
    </Filter>
    <Filter Include="src\Helper">
      <UniqueIdentifier>{63cdd9f8-7304-4774-8f8d-f7d7ab35797b}</UniqueIdentifier>
    </Filter>
    <Filter Include="src\Scene">
      <UniqueIdentifier>{a09b92fc-cd43-4a5c-8842-ff84c969a27e}</UniqueIdentifier>
    </Filter>
    <Filter Include="src\Global">
      <UniqueIdentifier>{f0d0c9e5-e864-4fe6-952e-b2c616e346ae}</UniqueIdentifier>
    </Filter>
  </ItemGroup>
  <ItemGroup>
    <ClCompile Include="main.cpp">
      <Filter>win32</Filter>
    </ClCompile>
    <ClCompile Include="..\Classes\AppDelegate.cpp">
      <Filter>src</Filter>
    </ClCompile>
    <ClCompile Include="..\Classes\HelloWorldScene.cpp">
      <Filter>src</Filter>
    </ClCompile>
    <ClCompile Include="GameStart.cpp">
      <Filter>src\Scene</Filter>
    </ClCompile>
    <ClCompile Include="Config.cpp">
      <Filter>src\Global</Filter>
    </ClCompile>
    <ClCompile Include="LevelSelect.cpp">
      <Filter>src\Scene</Filter>
    </ClCompile>
    <ClCompile Include="MapSelectUI.cpp">
      <Filter>src\Scene</Filter>
    </ClCompile>
    <ClCompile Include="GameDataManager.cpp">
      <Filter>src\Global</Filter>
    </ClCompile>
  </ItemGroup>
  <ItemGroup>
    <ClInclude Include="main.h">
      <Filter>win32</Filter>
    </ClInclude>
    <ClInclude Include="..\Classes\AppDelegate.h">
      <Filter>src</Filter>
    </ClInclude>
    <ClInclude Include="..\Classes\HelloWorldScene.h">
      <Filter>src</Filter>
    </ClInclude>
    <ClInclude Include="Chinese.hpp">
      <Filter>src\Helper</Filter>
    </ClInclude>
    <ClInclude Include="GameStart.hpp">
      <Filter>src\Scene</Filter>
    </ClInclude>
    <ClInclude Include="Config.h">
      <Filter>src\Global</Filter>
    </ClInclude>
    <ClInclude Include="LevelSelect.hpp">
      <Filter>src\Scene</Filter>
    </ClInclude>
    <ClInclude Include="SelectedMapInfo.hpp">
      <Filter>src\Global</Filter>
    </ClInclude>
    <ClInclude Include="MapSelectUI.h">
      <Filter>src\Scene</Filter>
    </ClInclude>
    <ClInclude Include="GameDataManager.h">
      <Filter>src\Global</Filter>
    </ClInclude>
  </ItemGroup>
  <ItemGroup>
    <ResourceCompile Include="game.rc">
      <Filter>resource</Filter>
    </ResourceCompile>
  </ItemGroup>
  <ItemGroup>
    <Xml Include="ChineseContent.xml">
      <Filter>resource</Filter>
    </Xml>
  </ItemGroup>
  <ItemGroup>
    <None Include="..\Resources\res\MainScene.csb">
      <Filter>resource</Filter>
    </None>
  </ItemGroup>
  <ItemGroup>
    <Image Include="..\Resources\res\WelcomeScene\MainBG.PNG">
      <Filter>resource</Filter>
    </Image>
  </ItemGroup>
</Project>